
Microsoft Visual Studio Solution File, Format Version 12.00
# Visual Studio Version 17
VisualStudioVersion = 17.4.33122.133
MinimumVisualStudioVersion = 10.0.40219.1
Project("{FAE04EC0-301F-11D3-BF4B-00C04F79EFBC}") = "UniversityApp", "UniversityApp\UniversityApp.csproj", "{8EB3AA35-623E-48C4-B3A4-6A2CA8D6FFDB}"
EndProject
Global
	GlobalSection(SolutionConfigurationPlatforms) = preSolution
		Debug|Any CPU = Debug|Any CPU
		Release|Any CPU = Release|Any CPU
	EndGlobalSection
	GlobalSection(ProjectConfigurationPlatforms) = postSolution
		{8EB3AA35-623E-48C4-B3A4-6A2CA8D6FFDB}.Debug|Any CPU.ActiveCfg = Debug|Any CPU
		{8EB3AA35-623E-48C4-B3A4-6A2CA8D6FFDB}.Debug|Any CPU.Build.0 = Debug|Any CPU
		{8EB3AA35-623E-48C4-B3A4-6A2CA8D6FFDB}.Release|Any CPU.ActiveCfg = Release|Any CPU
		{8EB3AA35-623E-48C4-B3A4-6A2CA8D6FFDB}.Release|Any CPU.Build.0 = Release|Any CPU
	EndGlobalSection
	GlobalSection(SolutionProperties) = preSolution
		HideSolutionNode = FALSE
	EndGlobalSection
	GlobalSection(ExtensibilityGlobals) = postSolution
		SolutionGuid = {A8EA8D49-7DC0-493D-930E-0FDE895CB499}
	EndGlobalSection
EndGlobal
